<?xml version="1.0" encoding="utf-8"?>
<Project ToolsVersion="4.0" xmlns="http://schemas.microsoft.com/developer/msbuild/2003">
  <ItemGroup>
    <Filter Include="Source Files">
      <UniqueIdentifier>{4FC737F1-C7A5-4376-A066-2A32D752A2FF}</UniqueIdentifier>
      <Extensions>cpp;c;cc;cxx;def;odl;idl;hpj;bat;asm;asmx</Extensions>
    </Filter>
    <Filter Include="Header Files">
      <UniqueIdentifier>{93995380-89BD-4b04-88EB-625FBE52EBFB}</UniqueIdentifier>
      <Extensions>h;hh;hpp;hxx;hm;inl;inc;xsd</Extensions>
    </Filter>
    <Filter Include="Resource Files">
      <UniqueIdentifier>{67DA6AB6-F800-4c08-8B7A-83BB121AAD01}</UniqueIdentifier>
      <Extensions>rc;ico;cur;bmp;dlg;rc2;rct;bin;rgs;gif;jpg;jpeg;jpe;resx;tiff;tif;png;wav;mfcribbon-ms</Extensions>
    </Filter>
  </ItemGroup>
  <ItemGroup>
    <ClCompile Include="Brick.cpp">
      <Filter>Source Files</Filter>
    </ClCompile>
    <ClCompile Include="Game.cpp">
      <Filter>Source Files</Filter>
    </ClCompile>
    <ClCompile Include="GameObject.cpp">
      <Filter>Source Files</Filter>
    </ClCompile>
    <ClCompile Include="Goomba.cpp">
      <Filter>Source Files</Filter>
    </ClCompile>
    <ClCompile Include="main.cpp">
      <Filter>Source Files</Filter>
    </ClCompile>
    <ClCompile Include="Mario.cpp">
      <Filter>Source Files</Filter>
    </ClCompile>
    <ClCompile Include="Sprites.cpp">
      <Filter>Source Files</Filter>
    </ClCompile>
    <ClCompile Include="Textures.cpp">
      <Filter>Source Files</Filter>
    </ClCompile>
    <ClCompile Include="Scence.cpp">
      <Filter>Source Files</Filter>
    </ClCompile>
    <ClCompile Include="PlayScence.cpp">
      <Filter>Source Files</Filter>
    </ClCompile>
    <ClCompile Include="Animations.cpp">
      <Filter>Source Files</Filter>
    </ClCompile>
    <ClCompile Include="Utils.cpp">
      <Filter>Source Files</Filter>
    </ClCompile>
    <ClCompile Include="Koopas.cpp">
      <Filter>Source Files</Filter>
    </ClCompile>
    <ClCompile Include="Portal.cpp">
      <Filter>Source Files</Filter>
    </ClCompile>
    <ClCompile Include="Background.cpp">
      <Filter>Source Files</Filter>
    </ClCompile>
    <ClCompile Include="MorningStar.cpp">
      <Filter>Source Files</Filter>
    </ClCompile>
    <ClCompile Include="Fire.cpp">
      <Filter>Source Files</Filter>
    </ClCompile>
    <ClCompile Include="Money.cpp">
      <Filter>Source Files</Filter>
    </ClCompile>
    <ClCompile Include="BrickFloor.cpp">
      <Filter>Source Files</Filter>
    </ClCompile>
    <ClCompile Include="Number.cpp">
      <Filter>Source Files</Filter>
    </ClCompile>
    <ClCompile Include="Cloud.cpp">
      <Filter>Source Files</Filter>
    </ClCompile>
    <ClCompile Include="Mushroom.cpp">
      <Filter>Source Files</Filter>
    </ClCompile>
    <ClCompile Include="Turtle.cpp">
      <Filter>Source Files</Filter>
    </ClCompile>
    <ClCompile Include="Square.cpp">
      <Filter>Source Files</Filter>
    </ClCompile>
    <ClCompile Include="Goombafly.cpp">
      <Filter>Source Files</Filter>
    </ClCompile>
    <ClCompile Include="Hold.cpp">
      <Filter>Source Files</Filter>
    </ClCompile>
    <ClCompile Include="ItemLeaf.cpp">
      <Filter>Source Files</Filter>
    </ClCompile>
    <ClCompile Include="Tail.cpp">
      <Filter>Source Files</Filter>
    </ClCompile>
    <ClCompile Include="Enemies.cpp">
      <Filter>Source Files</Filter>
    </ClCompile>
    <ClCompile Include="Flower.cpp">
      <Filter>Source Files</Filter>
    </ClCompile>
    <ClCompile Include="Bullet.cpp">
      <Filter>Source Files</Filter>
    </ClCompile>
    <ClCompile Include="ParentFlower.cpp">
      <Filter>Source Files</Filter>
    </ClCompile>
    <ClCompile Include="FlowerType2.cpp">
      <Filter>Source Files</Filter>
    </ClCompile>
    <ClCompile Include="BrickColliBroken.cpp">
      <Filter>Source Files</Filter>
    </ClCompile>
    <ClCompile Include="TurtleJump.cpp">
      <Filter>Source Files</Filter>
    </ClCompile>
    <ClCompile Include="IntroPlayer.cpp">
      <Filter>Source Files</Filter>
    </ClCompile>
    <ClCompile Include="IntroPlayerSecond.cpp">
      <Filter>Source Files</Filter>
    </ClCompile>
    <ClCompile Include="IntroNumberThree.cpp">
      <Filter>Source Files</Filter>
    </ClCompile>
    <ClCompile Include="IntroLeaf.cpp">
      <Filter>Source Files</Filter>
    </ClCompile>
    <ClCompile Include="IntroTurtle.cpp">
      <Filter>Source Files</Filter>
    </ClCompile>
    <ClCompile Include="IntroDoor.cpp">
      <Filter>Source Files</Filter>
    </ClCompile>
    <ClCompile Include="IntroMushroom.cpp">
      <Filter>Source Files</Filter>
    </ClCompile>
    <ClCompile Include="IntroStar.cpp">
      <Filter>Source Files</Filter>
    </ClCompile>
    <ClCompile Include="IntroTurtleAni.cpp">
      <Filter>Source Files</Filter>
    </ClCompile>
    <ClCompile Include="IntroGoomba.cpp">
      <Filter>Source Files</Filter>
    </ClCompile>
    <ClCompile Include="IntroTurtleBrack.cpp">
      <Filter>Source Files</Filter>
    </ClCompile>
    <ClCompile Include="IntroBackground.cpp">
      <Filter>Source Files</Filter>
    </ClCompile>
    <ClCompile Include="IntroBackgroundSuper.cpp">
      <Filter>Source Files</Filter>
    </ClCompile>
    <ClCompile Include="WorldMapAni.cpp">
      <Filter>Source Files</Filter>
    </ClCompile>
    <ClCompile Include="MarioWorldMap.cpp">
      <Filter>Source Files</Filter>
    </ClCompile>
    <ClCompile Include="Hud.cpp">
      <Filter>Source Files</Filter>
    </ClCompile>
  </ItemGroup>
  <ItemGroup>
    <ClInclude Include="Brick.h">
      <Filter>Header Files</Filter>
    </ClInclude>
    <ClInclude Include="Game.h">
      <Filter>Header Files</Filter>
    </ClInclude>
    <ClInclude Include="GameObject.h">
      <Filter>Header Files</Filter>
    </ClInclude>
    <ClInclude Include="Goomba.h">
      <Filter>Header Files</Filter>
    </ClInclude>
    <ClInclude Include="Mario.h">
      <Filter>Header Files</Filter>
    </ClInclude>
    <ClInclude Include="Sprites.h">
      <Filter>Header Files</Filter>
    </ClInclude>
    <ClInclude Include="Textures.h">
      <Filter>Header Files</Filter>
    </ClInclude>
    <ClInclude Include="Scence.h">
      <Filter>Header Files</Filter>
    </ClInclude>
    <ClInclude Include="PlayScence.h">
      <Filter>Header Files</Filter>
    </ClInclude>
    <ClInclude Include="Animations.h">
      <Filter>Header Files</Filter>
    </ClInclude>
    <ClInclude Include="KeyEventHandler.h">
      <Filter>Header Files</Filter>
    </ClInclude>
    <ClInclude Include="Utils.h">
      <Filter>Header Files</Filter>
    </ClInclude>
    <ClInclude Include="Koopas.h">
      <Filter>Header Files</Filter>
    </ClInclude>
    <ClInclude Include="Portal.h">
      <Filter>Header Files</Filter>
    </ClInclude>
    <ClInclude Include="Define.h">
      <Filter>Header Files</Filter>
    </ClInclude>
    <ClInclude Include="Background.h">
      <Filter>Header Files</Filter>
    </ClInclude>
    <ClInclude Include="MorningStar.h">
      <Filter>Header Files</Filter>
    </ClInclude>
    <ClInclude Include="Fire.h">
      <Filter>Header Files</Filter>
    </ClInclude>
    <ClInclude Include="Money.h">
      <Filter>Header Files</Filter>
    </ClInclude>
    <ClInclude Include="BrickFloor.h">
      <Filter>Header Files</Filter>
    </ClInclude>
    <ClInclude Include="Number.h">
      <Filter>Header Files</Filter>
    </ClInclude>
    <ClInclude Include="Cloud.h">
      <Filter>Header Files</Filter>
    </ClInclude>
    <ClInclude Include="Mushroom.h">
      <Filter>Header Files</Filter>
    </ClInclude>
    <ClInclude Include="Turtle.h">
      <Filter>Header Files</Filter>
    </ClInclude>
    <ClInclude Include="Square.h">
      <Filter>Header Files</Filter>
    </ClInclude>
    <ClInclude Include="Goombafly.h">
      <Filter>Header Files</Filter>
    </ClInclude>
    <ClInclude Include="Hold.h">
      <Filter>Header Files</Filter>
    </ClInclude>
    <ClInclude Include="ItemLeaf.h">
      <Filter>Header Files</Filter>
    </ClInclude>
    <ClInclude Include="Tail.h">
      <Filter>Header Files</Filter>
    </ClInclude>
    <ClInclude Include="Enemies.h">
      <Filter>Header Files</Filter>
    </ClInclude>
    <ClInclude Include="Flower.h">
      <Filter>Header Files</Filter>
    </ClInclude>
    <ClInclude Include="Bullet.h">
      <Filter>Header Files</Filter>
    </ClInclude>
    <ClInclude Include="ParentFlower.h">
      <Filter>Header Files</Filter>
    </ClInclude>
    <ClInclude Include="FlowerType2.h">
      <Filter>Header Files</Filter>
    </ClInclude>
    <ClInclude Include="BrickColliBroken.h">
      <Filter>Header Files</Filter>
    </ClInclude>
    <ClInclude Include="TurtleJump.h">
      <Filter>Header Files</Filter>
    </ClInclude>
    <ClInclude Include="IntroPlayer.h">
      <Filter>Header Files</Filter>
    </ClInclude>
    <ClInclude Include="IntroPlayerSecond.h">
      <Filter>Header Files</Filter>
    </ClInclude>
    <ClInclude Include="IntroNumberThree.h">
      <Filter>Header Files</Filter>
    </ClInclude>
    <ClInclude Include="IntroLeaf.h">
      <Filter>Header Files</Filter>
    </ClInclude>
    <ClInclude Include="IntroTurtle.h">
      <Filter>Header Files</Filter>
    </ClInclude>
    <ClInclude Include="IntroDoor.h">
      <Filter>Header Files</Filter>
    </ClInclude>
    <ClInclude Include="IntroMushroom.h">
      <Filter>Header Files</Filter>
    </ClInclude>
    <ClInclude Include="IntroStar.h">
      <Filter>Header Files</Filter>
    </ClInclude>
    <ClInclude Include="IntroTurtleAni.h">
      <Filter>Header Files</Filter>
    </ClInclude>
    <ClInclude Include="IntroGoomba.h">
      <Filter>Header Files</Filter>
    </ClInclude>
    <ClInclude Include="IntroTurtleBrack.h">
      <Filter>Header Files</Filter>
    </ClInclude>
    <ClInclude Include="IntroBackground.h">
      <Filter>Header Files</Filter>
    </ClInclude>
    <ClInclude Include="IntroBackgroundSuper.h">
      <Filter>Header Files</Filter>
    </ClInclude>
    <ClInclude Include="WorldMapAni.h">
      <Filter>Header Files</Filter>
    </ClInclude>
    <ClInclude Include="MarioWorldMap.h">
      <Filter>Header Files</Filter>
    </ClInclude>
    <ClInclude Include="Hud.h">
      <Filter>Header Files</Filter>
    </ClInclude>
  </ItemGroup>
</Project>